Microsoft Visual Studio Solution File, Format Version 12.00
# Visual Studio Version 17
VisualStudioVersion = 17.5.2.0
MinimumVisualStudioVersion = 10.0.40219.1
Project("{FAE04EC0-301F-11D3-BF4B-00C04F79EFBC}") = "verificacionAcceso", "verificacionAcceso.csproj", "{0A29B8A6-96C2-2A32-9C3D-C24EC98D7335}"
EndProject
Global
	GlobalSection(SolutionConfigurationPlatforms) = preSolution
		Debug|Any CPU = Debug|Any CPU
		Release|Any CPU = Release|Any CPU
	EndGlobalSection
	GlobalSection(ProjectConfigurationPlatforms) = postSolution
		{0A29B8A6-96C2-2A32-9C3D-C24EC98D7335}.Debug|Any CPU.ActiveCfg = Debug|Any CPU
		{0A29B8A6-96C2-2A32-9C3D-C24EC98D7335}.Debug|Any CPU.Build.0 = Debug|Any CPU
		{0A29B8A6-96C2-2A32-9C3D-C24EC98D7335}.Release|Any CPU.ActiveCfg = Release|Any CPU
		{0A29B8A6-96C2-2A32-9C3D-C24EC98D7335}.Release|Any CPU.Build.0 = Release|Any CPU
	EndGlobalSection
	GlobalSection(SolutionProperties) = preSolution
		HideSolutionNode = FALSE
	EndGlobalSection
	GlobalSection(ExtensibilityGlobals) = postSolution
		SolutionGuid = {2B75A755-1C33-44A4-ACF5-DE340D796939}
	EndGlobalSection
EndGlobal
